{
  "name": "clap-sensor-adapter",
  "version": "0.1.0",
  "lockfileVersion": 1,
  "requires": true,
  "dependencies": {
    "app-root-path": {
      "version": "2.1.0",
      "resolved": "https://registry.npmjs.org/app-root-path/-/app-root-path-2.1.0.tgz",
      "integrity": "sha512-z5BqVjscbjmJBybKlICogJR2jCr2q/Ixu7Pvui5D4y97i7FLsJlvEG9XOR/KJRlkxxZz7UaaS2TMwQh1dRJ2dA=="
    },
    "clap-detector": {
      "version": "0.5.3",
      "resolved": "https://registry.npmjs.org/clap-detector/-/clap-detector-0.5.3.tgz",
      "integrity": "sha512-euEGE8TigVlaRytHDP62Y4Fcd83JHQmwUWMzT8MULaqmB0bvERaW7OWNZZgrpkt1bI/m+25c8p8lRubLyfFyJA==",
      "requires": {
        "app-root-path": "2.1.0",
        "lodash": "4.17.21"
      }
    },
    "lodash": {
      "version": "4.17.21",
      "resolved": "https://registry.npmjs.org/lodash/-/lodash-4.17.21.tgz",
      "integrity": "sha512-v2kDEe57lecTulaDIuNTPy3Ry4gLGJ6Z1O3vE1krgXZNrsQ+LFTGHVxVjcXPs17LhbZVGedAJv8XZ1tvj5FvSg=="
    }
  }
}
